
Microsoft Visual Studio Solution File, Format Version 12.00
# Visual Studio Version 17
VisualStudioVersion = 17.5.33516.290
MinimumVisualStudioVersion = 10.0.40219.1
Project("{FAE04EC0-301F-11D3-BF4B-00C04F79EFBC}") = "Intro_Camp", "Intro_Camp\Intro_Camp.csproj", "{A93CDC76-D558-4B3D-93F7-168E842EAD9B}"
EndProject
Global
	GlobalSection(SolutionConfigurationPlatforms) = preSolution
		Debug|Any CPU = Debug|Any CPU
		Release|Any CPU = Release|Any CPU
	EndGlobalSection
	GlobalSection(ProjectConfigurationPlatforms) = postSolution
		{A93CDC76-D558-4B3D-93F7-168E842EAD9B}.Debug|Any CPU.ActiveCfg = Debug|Any CPU
		{A93CDC76-D558-4B3D-93F7-168E842EAD9B}.Debug|Any CPU.Build.0 = Debug|Any CPU
		{A93CDC76-D558-4B3D-93F7-168E842EAD9B}.Release|Any CPU.ActiveCfg = Release|Any CPU
		{A93CDC76-D558-4B3D-93F7-168E842EAD9B}.Release|Any CPU.Build.0 = Release|Any CPU
	EndGlobalSection
	GlobalSection(SolutionProperties) = preSolution
		HideSolutionNode = FALSE
	EndGlobalSection
	GlobalSection(ExtensibilityGlobals) = postSolution
		SolutionGuid = {29880D07-B2FF-4D6B-9691-58E7BC6F5EDE}
	EndGlobalSection
EndGlobal
